
Microsoft Visual Studio Solution File, Format Version 12.00
# Visual Studio Version 16
VisualStudioVersion = 16.0.31410.357
MinimumVisualStudioVersion = 10.0.40219.1
Project("{FAE04EC0-301F-11D3-BF4B-00C04F79EFBC}") = "Pravda Heavy Industries", "Pravda Heavy Industries.csproj", "{C38BD04C-1539-43C4-9050-177AAF96BB78}"
EndProject
Global
	GlobalSection(SolutionConfigurationPlatforms) = preSolution
		Debug|Any CPU = Debug|Any CPU
		Release|Any CPU = Release|Any CPU
	EndGlobalSection
	GlobalSection(ProjectConfigurationPlatforms) = postSolution
		{C38BD04C-1539-43C4-9050-177AAF96BB78}.Debug|Any CPU.ActiveCfg = Debug|Any CPU
		{C38BD04C-1539-43C4-9050-177AAF96BB78}.Debug|Any CPU.Build.0 = Debug|Any CPU
		{C38BD04C-1539-43C4-9050-177AAF96BB78}.Release|Any CPU.ActiveCfg = Release|Any CPU
		{C38BD04C-1539-43C4-9050-177AAF96BB78}.Release|Any CPU.Build.0 = Release|Any CPU
	EndGlobalSection
	GlobalSection(SolutionProperties) = preSolution
		HideSolutionNode = FALSE
	EndGlobalSection
	GlobalSection(ExtensibilityGlobals) = postSolution
		SolutionGuid = {DED1F9D4-FDCC-42C8-97E2-9EFF5AD4F998}
	EndGlobalSection
EndGlobal
